
Microsoft Visual Studio Solution File, Format Version 12.00
# Visual Studio Version 17
VisualStudioVersion = 17.12.35728.132
MinimumVisualStudioVersion = 10.0.40219.1
Project("{FAE04EC0-301F-11D3-BF4B-00C04F79EFBC}") = "ApplicationApi", "ApplicationApi\ApplicationApi.csproj", "{C84A735E-0672-435E-93AA-2D6600FC69C5}"
EndProject
Project("{FAE04EC0-301F-11D3-BF4B-00C04F79EFBC}") = "ApplicationBlazor", "ApplicationBlazor\ApplicationBlazor.csproj", "{A1B1F89C-B878-47D1-837B-4359EA5B1094}"
EndProject
Global
	GlobalSection(SolutionConfigurationPlatforms) = preSolution
		Debug|Any CPU = Debug|Any CPU
		Release|Any CPU = Release|Any CPU
	EndGlobalSection
	GlobalSection(ProjectConfigurationPlatforms) = postSolution
		{C84A735E-0672-435E-93AA-2D6600FC69C5}.Debug|Any CPU.ActiveCfg = Debug|Any CPU
		{C84A735E-0672-435E-93AA-2D6600FC69C5}.Debug|Any CPU.Build.0 = Debug|Any CPU
		{C84A735E-0672-435E-93AA-2D6600FC69C5}.Release|Any CPU.ActiveCfg = Release|Any CPU
		{C84A735E-0672-435E-93AA-2D6600FC69C5}.Release|Any CPU.Build.0 = Release|Any CPU
		{A1B1F89C-B878-47D1-837B-4359EA5B1094}.Debug|Any CPU.ActiveCfg = Debug|Any CPU
		{A1B1F89C-B878-47D1-837B-4359EA5B1094}.Debug|Any CPU.Build.0 = Debug|Any CPU
		{A1B1F89C-B878-47D1-837B-4359EA5B1094}.Release|Any CPU.ActiveCfg = Release|Any CPU
		{A1B1F89C-B878-47D1-837B-4359EA5B1094}.Release|Any CPU.Build.0 = Release|Any CPU
	EndGlobalSection
	GlobalSection(SolutionProperties) = preSolution
		HideSolutionNode = FALSE
	EndGlobalSection
EndGlobal
